
Microsoft Visual Studio Solution File, Format Version 12.00
# Visual Studio Version 16
VisualStudioVersion = 16.0.31515.178
MinimumVisualStudioVersion = 10.0.40219.1
Project("{FAE04EC0-301F-11D3-BF4B-00C04F79EFBC}") = "BatchDeleteFiles", "BatchDeleteFiles\BatchDeleteFiles.csproj", "{97553D55-7636-4B22-A2DA-AB59906D1602}"
EndProject
Global
	GlobalSection(SolutionConfigurationPlatforms) = preSolution
		Debug|Any CPU = Debug|Any CPU
		Release|Any CPU = Release|Any CPU
	EndGlobalSection
	GlobalSection(ProjectConfigurationPlatforms) = postSolution
		{97553D55-7636-4B22-A2DA-AB59906D1602}.Debug|Any CPU.ActiveCfg = Debug|Any CPU
		{97553D55-7636-4B22-A2DA-AB59906D1602}.Debug|Any CPU.Build.0 = Debug|Any CPU
		{97553D55-7636-4B22-A2DA-AB59906D1602}.Release|Any CPU.ActiveCfg = Release|Any CPU
		{97553D55-7636-4B22-A2DA-AB59906D1602}.Release|Any CPU.Build.0 = Release|Any CPU
	EndGlobalSection
	GlobalSection(SolutionProperties) = preSolution
		HideSolutionNode = FALSE
	EndGlobalSection
	GlobalSection(ExtensibilityGlobals) = postSolution
		SolutionGuid = {6F8513CD-1269-44FE-9842-9D4C76798701}
	EndGlobalSection
EndGlobal
